
Microsoft Visual Studio Solution File, Format Version 12.00
# Visual Studio 15
VisualStudioVersion = 15.0.27004.2010
MinimumVisualStudioVersion = 10.0.40219.1
Project("{FAE04EC0-301F-11D3-BF4B-00C04F79EFBC}") = "QuizManagementSystem", "QuizManagementSystem\QuizManagementSystem.csproj", "{4E5FF906-7773-4058-9C81-4A28CADBDF47}"
EndProject
Global
	GlobalSection(SolutionConfigurationPlatforms) = preSolution
		Debug|Any CPU = Debug|Any CPU
		Release|Any CPU = Release|Any CPU
	EndGlobalSection
	GlobalSection(ProjectConfigurationPlatforms) = postSolution
		{4E5FF906-7773-4058-9C81-4A28CADBDF47}.Debug|Any CPU.ActiveCfg = Debug|Any CPU
		{4E5FF906-7773-4058-9C81-4A28CADBDF47}.Debug|Any CPU.Build.0 = Debug|Any CPU
		{4E5FF906-7773-4058-9C81-4A28CADBDF47}.Release|Any CPU.ActiveCfg = Release|Any CPU
		{4E5FF906-7773-4058-9C81-4A28CADBDF47}.Release|Any CPU.Build.0 = Release|Any CPU
	EndGlobalSection
	GlobalSection(SolutionProperties) = preSolution
		HideSolutionNode = FALSE
	EndGlobalSection
	GlobalSection(ExtensibilityGlobals) = postSolution
		SolutionGuid = {32C38BB9-AD7F-4251-8CFA-DAD7D434F531}
	EndGlobalSection
EndGlobal
